
Microsoft Visual Studio Solution File, Format Version 12.00
# Visual Studio 2013
VisualStudioVersion = 12.0.30723.0
MinimumVisualStudioVersion = 10.0.40219.1
Project("{FAE04EC0-301F-11D3-BF4B-00C04F79EFBC}") = "RobotFactory.Web", "RobotFactory.Web\RobotFactory.Web.csproj", "{01A77ACE-0AB0-4702-BED1-33F7329E0D94}"
EndProject
Project("{FAE04EC0-301F-11D3-BF4B-00C04F79EFBC}") = "RobotFactory.Common", "RobotFactory.Common\RobotFactory.Common.csproj", "{24F6DE7F-51DF-49A5-B7D6-BA1789BE71E4}"
EndProject
Project("{FAE04EC0-301F-11D3-BF4B-00C04F79EFBC}") = "RobotFactory.ContinuousJob", "RobotFactory.ContinuousJob\RobotFactory.ContinuousJob.csproj", "{FB53CFD9-F3C9-4442-BFCC-C19D73FC0773}"
EndProject
Project("{FAE04EC0-301F-11D3-BF4B-00C04F79EFBC}") = "RobotFactory.Scheduled", "RobotFactory.Scheduled\RobotFactory.Scheduled.csproj", "{6680EA1E-D9F6-4BED-BFE5-5CE00E74FBDE}"
EndProject
Global
	GlobalSection(SolutionConfigurationPlatforms) = preSolution
		Debug|Any CPU = Debug|Any CPU
		Release|Any CPU = Release|Any CPU
	EndGlobalSection
	GlobalSection(ProjectConfigurationPlatforms) = postSolution
		{01A77ACE-0AB0-4702-BED1-33F7329E0D94}.Debug|Any CPU.ActiveCfg = Debug|Any CPU
		{01A77ACE-0AB0-4702-BED1-33F7329E0D94}.Debug|Any CPU.Build.0 = Debug|Any CPU
		{01A77ACE-0AB0-4702-BED1-33F7329E0D94}.Release|Any CPU.ActiveCfg = Release|Any CPU
		{01A77ACE-0AB0-4702-BED1-33F7329E0D94}.Release|Any CPU.Build.0 = Release|Any CPU
		{24F6DE7F-51DF-49A5-B7D6-BA1789BE71E4}.Debug|Any CPU.ActiveCfg = Debug|Any CPU
		{24F6DE7F-51DF-49A5-B7D6-BA1789BE71E4}.Debug|Any CPU.Build.0 = Debug|Any CPU
		{24F6DE7F-51DF-49A5-B7D6-BA1789BE71E4}.Release|Any CPU.ActiveCfg = Release|Any CPU
		{24F6DE7F-51DF-49A5-B7D6-BA1789BE71E4}.Release|Any CPU.Build.0 = Release|Any CPU
		{FB53CFD9-F3C9-4442-BFCC-C19D73FC0773}.Debug|Any CPU.ActiveCfg = Debug|Any CPU
		{FB53CFD9-F3C9-4442-BFCC-C19D73FC0773}.Debug|Any CPU.Build.0 = Debug|Any CPU
		{FB53CFD9-F3C9-4442-BFCC-C19D73FC0773}.Release|Any CPU.ActiveCfg = Release|Any CPU
		{FB53CFD9-F3C9-4442-BFCC-C19D73FC0773}.Release|Any CPU.Build.0 = Release|Any CPU
		{6680EA1E-D9F6-4BED-BFE5-5CE00E74FBDE}.Debug|Any CPU.ActiveCfg = Debug|Any CPU
		{6680EA1E-D9F6-4BED-BFE5-5CE00E74FBDE}.Debug|Any CPU.Build.0 = Debug|Any CPU
		{6680EA1E-D9F6-4BED-BFE5-5CE00E74FBDE}.Release|Any CPU.ActiveCfg = Release|Any CPU
		{6680EA1E-D9F6-4BED-BFE5-5CE00E74FBDE}.Release|Any CPU.Build.0 = Release|Any CPU
	EndGlobalSection
	GlobalSection(SolutionProperties) = preSolution
		HideSolutionNode = FALSE
	EndGlobalSection
EndGlobal
